{
  "name": "keep",
  "version": "3.2.3",
  "lockfileVersion": 3,
  "requires": true,
  "packages": {
    "": {
      "name": "keep",
      "version": "3.2.3",
      "workspaces": [
        "packages/keep-api",
        "packages/keep-api-test",
        "packages/keep-browser",
        "packages/keep-browser-test",
        "packages/keep-idb",
        "packages/keep-idb-test",
        "packages/keep-mock",
        "packages/keep-mock-test",
        "packages/keep-test",
        "packages/keep-test-test",
        "packages_imported/koncurrent-later-core/3.2.3",
        "packages_imported/koncurrent-executors-mock/3.2.3",
        "packages_imported/kommander-coroutines/3.2.3",
        "packages_imported/koncurrent-later-coroutines/3.2.3"
      ],
      "devDependencies": {}
    },
    "node_modules/keep-api": {
      "resolved": "packages/keep-api",
      "link": true
    },
    "node_modules/keep-api-test": {
      "resolved": "packages/keep-api-test",
      "link": true
    },
    "node_modules/keep-browser": {
      "resolved": "packages/keep-browser",
      "link": true
    },
    "node_modules/keep-browser-test": {
      "resolved": "packages/keep-browser-test",
      "link": true
    },
    "node_modules/keep-idb": {
      "resolved": "packages/keep-idb",
      "link": true
    },
    "node_modules/keep-idb-test": {
      "resolved": "packages/keep-idb-test",
      "link": true
    },
    "node_modules/keep-mock": {
      "resolved": "packages/keep-mock",
      "link": true
    },
    "node_modules/keep-mock-test": {
      "resolved": "packages/keep-mock-test",
      "link": true
    },
    "node_modules/keep-test": {
      "resolved": "packages/keep-test",
      "link": true
    },
    "node_modules/keep-test-test": {
      "resolved": "packages/keep-test-test",
      "link": true
    },
    "node_modules/kommander-coroutines": {
      "resolved": "packages_imported/kommander-coroutines/3.2.3",
      "link": true
    },
    "node_modules/koncurrent-executors-mock": {
      "resolved": "packages_imported/koncurrent-executors-mock/3.2.3",
      "link": true
    },
    "node_modules/koncurrent-later-core": {
      "resolved": "packages_imported/koncurrent-later-core/3.2.3",
      "link": true
    },
    "node_modules/koncurrent-later-coroutines": {
      "resolved": "packages_imported/koncurrent-later-coroutines/3.2.3",
      "link": true
    },
    "packages_imported/kommander-coroutines/3.1.14": {
      "name": "kommander-coroutines",
      "version": "3.1.14",
      "extraneous": true,
      "devDependencies": {}
    },
    "packages_imported/kommander-coroutines/3.2.3": {
      "name": "kommander-coroutines",
      "version": "3.2.3",
      "devDependencies": {}
    },
    "packages_imported/koncurrent-executors-mock/3.1.14": {
      "name": "koncurrent-executors-mock",
      "version": "3.1.14",
      "extraneous": true,
      "devDependencies": {}
    },
    "packages_imported/koncurrent-executors-mock/3.2.3": {
      "name": "koncurrent-executors-mock",
      "version": "3.2.3",
      "devDependencies": {}
    },
    "packages_imported/koncurrent-later-core/3.1.14": {
      "name": "koncurrent-later-core",
      "version": "3.1.14",
      "extraneous": true,
      "devDependencies": {}
    },
    "packages_imported/koncurrent-later-core/3.2.3": {
      "name": "koncurrent-later-core",
      "version": "3.2.3",
      "devDependencies": {}
    },
    "packages_imported/koncurrent-later-coroutines/3.1.14": {
      "name": "koncurrent-later-coroutines",
      "version": "3.1.14",
      "extraneous": true,
      "devDependencies": {}
    },
    "packages_imported/koncurrent-later-coroutines/3.2.3": {
      "name": "koncurrent-later-coroutines",
      "version": "3.2.3",
      "devDependencies": {}
    },
    "packages/keep-api": {
      "version": "3.2.3",
      "devDependencies": {}
    },
    "packages/keep-api-test": {
      "version": "3.2.3",
      "devDependencies": {}
    },
    "packages/keep-browser": {
      "version": "3.2.3",
      "devDependencies": {}
    },
    "packages/keep-browser-test": {
      "version": "3.2.3",
      "devDependencies": {}
    },
    "packages/keep-idb": {
      "version": "3.2.3",
      "devDependencies": {}
    },
    "packages/keep-idb-test": {
      "version": "3.2.3",
      "devDependencies": {}
    },
    "packages/keep-mock": {
      "version": "3.2.3",
      "devDependencies": {}
    },
    "packages/keep-mock-test": {
      "version": "3.2.3",
      "devDependencies": {}
    },
    "packages/keep-test": {
      "version": "3.2.3",
      "devDependencies": {}
    },
    "packages/keep-test-test": {
      "version": "3.2.3",
      "devDependencies": {}
    }
  }
}
